
Microsoft Visual Studio Solution File, Format Version 12.00
# Visual Studio Version 16
VisualStudioVersion = 16.0.31129.286
MinimumVisualStudioVersion = 10.0.40219.1
Project("{2150E333-8FDC-42A3-9474-1A3956D46DE8}") = "src", "src", "{4D802A03-5B91-4C23-9E42-FC62A857906F}"
EndProject
Project("{2150E333-8FDC-42A3-9474-1A3956D46DE8}") = "tests", "tests", "{3FA673BF-B399-4E38-AC4C-E7DD83808329}"
EndProject
Project("{9A19103F-16F7-4668-BE54-9A1E7A4F7556}") = "Pokedex.Application", "src\Pokedex.Application\Pokedex.Application.csproj", "{DB7EF56D-1873-44C0-8DD0-80BE45A68069}"
EndProject
Project("{9A19103F-16F7-4668-BE54-9A1E7A4F7556}") = "Pokedex.Domain", "src\Pokedex.Domain\Pokedex.Domain.csproj", "{40CCFC65-DC84-4091-9CA4-97A09C123A5C}"
EndProject
Project("{9A19103F-16F7-4668-BE54-9A1E7A4F7556}") = "Pokedex.Infrastructure", "src\Pokedex.Infrastructure\Pokedex.Infrastructure.csproj", "{77EE5DF6-FE4D-485A-BCE1-13B854B73DD4}"
EndProject
Project("{9A19103F-16F7-4668-BE54-9A1E7A4F7556}") = "Pokedex.WebApi", "src\Pokedex.WebApi\Pokedex.WebApi.csproj", "{0E4DEAE2-EEA7-45C4-8CD3-2A903048A773}"
EndProject
Project("{2150E333-8FDC-42A3-9474-1A3956D46DE8}") = ".github", ".github", "{0A0DE7B0-36F6-480F-B96D-EACEB0D4A17C}"
EndProject
Project("{2150E333-8FDC-42A3-9474-1A3956D46DE8}") = "workflows", "workflows", "{F398D21A-A926-422F-9EFD-01B1506EE07A}"
	ProjectSection(SolutionItems) = preProject
		.github\workflows\ci-pipeline.yml = .github\workflows\ci-pipeline.yml
	EndProjectSection
EndProject
Project("{9A19103F-16F7-4668-BE54-9A1E7A4F7556}") = "Pokedex.Infrastructure.Unit.Tests", "tests\Pokedex.Infrastructure.Unit.Tests\Pokedex.Infrastructure.Unit.Tests.csproj", "{0AB118A8-1317-4D3B-9150-017C1450C109}"
EndProject
Project("{9A19103F-16F7-4668-BE54-9A1E7A4F7556}") = "Pokedex.WebApi.Unit.Tests", "tets\Pokedex.WebApi.Unit.Tests\Pokedex.WebApi.Unit.Tests.csproj", "{0083BE2C-FE75-4A1E-B472-D13B36F0AE93}"
EndProject
Project("{9A19103F-16F7-4668-BE54-9A1E7A4F7556}") = "Pokedex.WebApi.Integration.Tests", "tests\Pokedex.WebApi.Integration.Tests\Pokedex.WebApi.Integration.Tests.csproj", "{35508630-480B-4043-A8F4-763065FF022B}"
EndProject
Project("{FAE04EC0-301F-11D3-BF4B-00C04F79EFBC}") = "Pokedex.Infrastructure.Integration.Tests", "test\Pokedex.Infrastructure.Integration.Tests\Pokedex.Infrastructure.Integration.Tests.csproj", "{EC9FA3A0-2561-4D58-B1D6-E9267D84BD88}"
EndProject
Global
	GlobalSection(SolutionConfigurationPlatforms) = preSolution
		Debug|Any CPU = Debug|Any CPU
		Release|Any CPU = Release|Any CPU
	EndGlobalSection
	GlobalSection(ProjectConfigurationPlatforms) = postSolution
		{DB7EF56D-1873-44C0-8DD0-80BE45A68069}.Debug|Any CPU.ActiveCfg = Debug|Any CPU
		{DB7EF56D-1873-44C0-8DD0-80BE45A68069}.Debug|Any CPU.Build.0 = Debug|Any CPU
		{DB7EF56D-1873-44C0-8DD0-80BE45A68069}.Release|Any CPU.ActiveCfg = Release|Any CPU
		{DB7EF56D-1873-44C0-8DD0-80BE45A68069}.Release|Any CPU.Build.0 = Release|Any CPU
		{40CCFC65-DC84-4091-9CA4-97A09C123A5C}.Debug|Any CPU.ActiveCfg = Debug|Any CPU
		{40CCFC65-DC84-4091-9CA4-97A09C123A5C}.Debug|Any CPU.Build.0 = Debug|Any CPU
		{40CCFC65-DC84-4091-9CA4-97A09C123A5C}.Release|Any CPU.ActiveCfg = Release|Any CPU
		{40CCFC65-DC84-4091-9CA4-97A09C123A5C}.Release|Any CPU.Build.0 = Release|Any CPU
		{77EE5DF6-FE4D-485A-BCE1-13B854B73DD4}.Debug|Any CPU.ActiveCfg = Debug|Any CPU
		{77EE5DF6-FE4D-485A-BCE1-13B854B73DD4}.Debug|Any CPU.Build.0 = Debug|Any CPU
		{77EE5DF6-FE4D-485A-BCE1-13B854B73DD4}.Release|Any CPU.ActiveCfg = Release|Any CPU
		{77EE5DF6-FE4D-485A-BCE1-13B854B73DD4}.Release|Any CPU.Build.0 = Release|Any CPU
		{0E4DEAE2-EEA7-45C4-8CD3-2A903048A773}.Debug|Any CPU.ActiveCfg = Debug|Any CPU
		{0E4DEAE2-EEA7-45C4-8CD3-2A903048A773}.Debug|Any CPU.Build.0 = Debug|Any CPU
		{0E4DEAE2-EEA7-45C4-8CD3-2A903048A773}.Release|Any CPU.ActiveCfg = Release|Any CPU
		{0E4DEAE2-EEA7-45C4-8CD3-2A903048A773}.Release|Any CPU.Build.0 = Release|Any CPU
		{0AB118A8-1317-4D3B-9150-017C1450C109}.Debug|Any CPU.ActiveCfg = Debug|Any CPU
		{0AB118A8-1317-4D3B-9150-017C1450C109}.Debug|Any CPU.Build.0 = Debug|Any CPU
		{0AB118A8-1317-4D3B-9150-017C1450C109}.Release|Any CPU.ActiveCfg = Release|Any CPU
		{0AB118A8-1317-4D3B-9150-017C1450C109}.Release|Any CPU.Build.0 = Release|Any CPU
		{0083BE2C-FE75-4A1E-B472-D13B36F0AE93}.Debug|Any CPU.ActiveCfg = Debug|Any CPU
		{0083BE2C-FE75-4A1E-B472-D13B36F0AE93}.Debug|Any CPU.Build.0 = Debug|Any CPU
		{0083BE2C-FE75-4A1E-B472-D13B36F0AE93}.Release|Any CPU.ActiveCfg = Release|Any CPU
		{0083BE2C-FE75-4A1E-B472-D13B36F0AE93}.Release|Any CPU.Build.0 = Release|Any CPU
		{35508630-480B-4043-A8F4-763065FF022B}.Debug|Any CPU.ActiveCfg = Debug|Any CPU
		{35508630-480B-4043-A8F4-763065FF022B}.Debug|Any CPU.Build.0 = Debug|Any CPU
		{35508630-480B-4043-A8F4-763065FF022B}.Release|Any CPU.ActiveCfg = Release|Any CPU
		{35508630-480B-4043-A8F4-763065FF022B}.Release|Any CPU.Build.0 = Release|Any CPU
		{EC9FA3A0-2561-4D58-B1D6-E9267D84BD88}.Debug|Any CPU.ActiveCfg = Debug|Any CPU
		{EC9FA3A0-2561-4D58-B1D6-E9267D84BD88}.Debug|Any CPU.Build.0 = Debug|Any CPU
		{EC9FA3A0-2561-4D58-B1D6-E9267D84BD88}.Release|Any CPU.ActiveCfg = Release|Any CPU
		{EC9FA3A0-2561-4D58-B1D6-E9267D84BD88}.Release|Any CPU.Build.0 = Release|Any CPU
	EndGlobalSection
	GlobalSection(SolutionProperties) = preSolution
		HideSolutionNode = FALSE
	EndGlobalSection
	GlobalSection(NestedProjects) = preSolution
		{DB7EF56D-1873-44C0-8DD0-80BE45A68069} = {4D802A03-5B91-4C23-9E42-FC62A857906F}
		{40CCFC65-DC84-4091-9CA4-97A09C123A5C} = {4D802A03-5B91-4C23-9E42-FC62A857906F}
		{77EE5DF6-FE4D-485A-BCE1-13B854B73DD4} = {4D802A03-5B91-4C23-9E42-FC62A857906F}
		{0E4DEAE2-EEA7-45C4-8CD3-2A903048A773} = {4D802A03-5B91-4C23-9E42-FC62A857906F}
		{F398D21A-A926-422F-9EFD-01B1506EE07A} = {0A0DE7B0-36F6-480F-B96D-EACEB0D4A17C}
		{0AB118A8-1317-4D3B-9150-017C1450C109} = {3FA673BF-B399-4E38-AC4C-E7DD83808329}
		{0083BE2C-FE75-4A1E-B472-D13B36F0AE93} = {3FA673BF-B399-4E38-AC4C-E7DD83808329}
		{35508630-480B-4043-A8F4-763065FF022B} = {3FA673BF-B399-4E38-AC4C-E7DD83808329}
		{EC9FA3A0-2561-4D58-B1D6-E9267D84BD88} = {3FA673BF-B399-4E38-AC4C-E7DD83808329}
	EndGlobalSection
	GlobalSection(ExtensibilityGlobals) = postSolution
		SolutionGuid = {D1302999-8A34-455E-B428-0C647D266664}
	EndGlobalSection
EndGlobal
